
Microsoft Visual Studio Solution File, Format Version 12.00
# Visual Studio Version 16
VisualStudioVersion = 16.0.30114.105
MinimumVisualStudioVersion = 10.0.40219.1
Project("{9A19103F-16F7-4668-BE54-9A1E7A4F7556}") = "AlchemyEngine.Utility", "AlchemyEngine.Utility\AlchemyEngine.Utility.csproj", "{A658E74D-0523-40D6-93A6-4BFAAC834D65}"
EndProject
Project("{FAE04EC0-301F-11D3-BF4B-00C04F79EFBC}") = "Test", "Test\Test.csproj", "{13F9C135-BEC5-4B7A-BA9A-C9781E11D8A2}"
EndProject
Global
	GlobalSection(SolutionConfigurationPlatforms) = preSolution
		Debug|Any CPU = Debug|Any CPU
		Release|Any CPU = Release|Any CPU
	EndGlobalSection
	GlobalSection(ProjectConfigurationPlatforms) = postSolution
		{A658E74D-0523-40D6-93A6-4BFAAC834D65}.Debug|Any CPU.ActiveCfg = Debug|Any CPU
		{A658E74D-0523-40D6-93A6-4BFAAC834D65}.Debug|Any CPU.Build.0 = Debug|Any CPU
		{A658E74D-0523-40D6-93A6-4BFAAC834D65}.Release|Any CPU.ActiveCfg = Release|Any CPU
		{A658E74D-0523-40D6-93A6-4BFAAC834D65}.Release|Any CPU.Build.0 = Release|Any CPU
		{13F9C135-BEC5-4B7A-BA9A-C9781E11D8A2}.Debug|Any CPU.ActiveCfg = Debug|Any CPU
		{13F9C135-BEC5-4B7A-BA9A-C9781E11D8A2}.Debug|Any CPU.Build.0 = Debug|Any CPU
		{13F9C135-BEC5-4B7A-BA9A-C9781E11D8A2}.Release|Any CPU.ActiveCfg = Release|Any CPU
		{13F9C135-BEC5-4B7A-BA9A-C9781E11D8A2}.Release|Any CPU.Build.0 = Release|Any CPU
	EndGlobalSection
	GlobalSection(SolutionProperties) = preSolution
		HideSolutionNode = FALSE
	EndGlobalSection
	GlobalSection(ExtensibilityGlobals) = postSolution
		SolutionGuid = {03261733-916A-452B-896E-79B5AED2BD20}
	EndGlobalSection
EndGlobal
